# THIS IS AN AUTOGENERATED FILE. DO NOT EDIT THIS FILE DIRECTLY.
# yarn lockfile v1


clsx@^1.2.1:
  version "1.2.1"
  resolved "https://registry.yarnpkg.com/clsx/-/clsx-1.2.1.tgz#0ddc4a20a549b59c93a4116bb26f5294ca17dc12"
  integrity sha512-EcR6r5a8bj6pu3ycsa/E/cKVGuTgZJZdsyUYHOksG/UHIiKfjxzRxYJpyVBwYaQeOvghal9fcc4PidlgzugAQg==

emoji-picker-react@^4.4.9:
  version "4.4.9"
  resolved "https://registry.yarnpkg.com/emoji-picker-react/-/emoji-picker-react-4.4.9.tgz#564fc387ae2ce8c8086a12a9231d6fd9567d0ae5"
  integrity sha512-ef9MfzSJy5xrzihLLv0e1zZmiNtcekubctTBQVfIpvKfsfu4iLBBzcHCmOC2IaUVBCZuUw+GM24BAPj1MdCQXQ==
  dependencies:
    clsx "^1.2.1"
